# This file is autogenerated, do not edit; changes may be undone by the next 'dep ensure'.


[[projects]]
  branch = "master"
  name = "github.com/krolaw/dhcp4"
  packages = [
    ".",
    "conn"
  ]
  revision = "4abfceffa76a675ea43d133e49aad64c821d32bf"

[[projects]]
  branch = "master"
  name = "golang.org/x/net"
  packages = [
    "bpf",
    "internal/iana",
    "internal/socket",
    "ipv4"
  ]
  revision = "dfa909b99c79129e1100513e5cd36307665e5723"

[solve-meta]
  analyzer-name = "dep"
  analyzer-version = 1
  inputs-digest = "bf7b40b074d55b6e8de6c2abb64c2f85ead89856fc83a611b11b99b59f3b36c9"
  solver-name = "gps-cdcl"
  solver-version = 1
